
Microsoft Visual Studio Solution File, Format Version 12.00
# Visual Studio Version 17
VisualStudioVersion = 17.7.34003.232
MinimumVisualStudioVersion = 10.0.40219.1
Project("{FAE04EC0-301F-11D3-BF4B-00C04F79EFBC}") = "TicTacToe", "TicTacToe\TicTacToe.csproj", "{D9C9A66E-E2BC-470C-85E7-35644382E7E1}"
EndProject
Project("{FAE04EC0-301F-11D3-BF4B-00C04F79EFBC}") = "TicTacToe_Server", "TicTacToe_Server\TicTacToe_Server.csproj", "{F5944E4D-7687-4E24-A5F2-5C762B04A381}"
EndProject
Global
	GlobalSection(SolutionConfigurationPlatforms) = preSolution
		Debug|Any CPU = Debug|Any CPU
		Release|Any CPU = Release|Any CPU
	EndGlobalSection
	GlobalSection(ProjectConfigurationPlatforms) = postSolution
		{D9C9A66E-E2BC-470C-85E7-35644382E7E1}.Debug|Any CPU.ActiveCfg = Debug|Any CPU
		{D9C9A66E-E2BC-470C-85E7-35644382E7E1}.Debug|Any CPU.Build.0 = Debug|Any CPU
		{D9C9A66E-E2BC-470C-85E7-35644382E7E1}.Release|Any CPU.ActiveCfg = Release|Any CPU
		{D9C9A66E-E2BC-470C-85E7-35644382E7E1}.Release|Any CPU.Build.0 = Release|Any CPU
		{F5944E4D-7687-4E24-A5F2-5C762B04A381}.Debug|Any CPU.ActiveCfg = Debug|Any CPU
		{F5944E4D-7687-4E24-A5F2-5C762B04A381}.Debug|Any CPU.Build.0 = Debug|Any CPU
		{F5944E4D-7687-4E24-A5F2-5C762B04A381}.Release|Any CPU.ActiveCfg = Release|Any CPU
		{F5944E4D-7687-4E24-A5F2-5C762B04A381}.Release|Any CPU.Build.0 = Release|Any CPU
	EndGlobalSection
	GlobalSection(SolutionProperties) = preSolution
		HideSolutionNode = FALSE
	EndGlobalSection
	GlobalSection(ExtensibilityGlobals) = postSolution
		SolutionGuid = {2BB36503-47A9-4C23-A236-F7122A43812B}
	EndGlobalSection
EndGlobal
